// !$*UTF8*$!
{
	archiveVersion = 1;
	classes = {
	};
	objectVersion = 56;
	objects = {

/* Begin PBXBuildFile section */
		A100000000000000000001 /* ReadDownApp.swift in Sources */ = {isa = PBXBuildFile; fileRef = B100000000000000000001 /* ReadDownApp.swift */; };
		A100000000000000000002 /* MarkdownDocument.swift in Sources */ = {isa = PBXBuildFile; fileRef = B100000000000000000002 /* MarkdownDocument.swift */; };
		A100000000000000000003 /* ContentView.swift in Sources */ = {isa = PBXBuildFile; fileRef = B100000000000000000003 /* ContentView.swift */; };
		A100000000000000000004 /* WebView.swift in Sources */ = {isa = PBXBuildFile; fileRef = B100000000000000000004 /* WebView.swift */; };
		A100000000000000000021 /* LocalLinkOpener.swift in Sources */ = {isa = PBXBuildFile; fileRef = B100000000000000000021 /* LocalLinkOpener.swift */; };
		A100000000000000000005 /* MarkdownRenderer.swift in Sources */ = {isa = PBXBuildFile; fileRef = B100000000000000000005 /* MarkdownRenderer.swift */; };
		A100000000000000000006 /* HTMLTemplate.swift in Sources */ = {isa = PBXBuildFile; fileRef = B100000000000000000006 /* HTMLTemplate.swift */; };
		A10000000000000000000A /* TextFileDecoder.swift in Sources */ = {isa = PBXBuildFile; fileRef = B10000000000000000000A /* TextFileDecoder.swift */; };
		A10000000000000000000B /* WelcomeView.swift in Sources */ = {isa = PBXBuildFile; fileRef = B10000000000000000000B /* WelcomeView.swift */; };
		A10000000000000000000C /* SyntaxHighlight.swift in Sources */ = {isa = PBXBuildFile; fileRef = B10000000000000000000C /* SyntaxHighlight.swift */; };
		A10000000000000000000F /* DocumentWatcher.swift in Sources */ = {isa = PBXBuildFile; fileRef = B10000000000000000000F /* DocumentWatcher.swift */; };
		A100000000000000000010 /* UsageMetrics.swift in Sources */ = {isa = PBXBuildFile; fileRef = B100000000000000000010 /* UsageMetrics.swift */; };
		A100000000000000000011 /* ThanksPop.swift in Sources */ = {isa = PBXBuildFile; fileRef = B100000000000000000011 /* ThanksPop.swift */; };
		A100000000000000000012 /* ThemeSettings.swift in Sources */ = {isa = PBXBuildFile; fileRef = B100000000000000000012 /* ThemeSettings.swift */; };
		A200000000000000000007 /* SyntaxHighlight.swift in Sources */ = {isa = PBXBuildFile; fileRef = B10000000000000000000C /* SyntaxHighlight.swift */; };
		A200000000000000000012 /* ThemeSettings.swift in Sources */ = {isa = PBXBuildFile; fileRef = B100000000000000000012 /* ThemeSettings.swift */; };
		A100000000000000000009 /* Assets.xcassets in Resources */ = {isa = PBXBuildFile; fileRef = B100000000000000000009 /* Assets.xcassets */; };
		A200000000000000000001 /* PreviewViewController.swift in Sources */ = {isa = PBXBuildFile; fileRef = B200000000000000000001 /* PreviewViewController.swift */; };
		A200000000000000000002 /* MarkdownRenderer.swift in Sources */ = {isa = PBXBuildFile; fileRef = B100000000000000000005 /* MarkdownRenderer.swift */; };
		A200000000000000000003 /* HTMLTemplate.swift in Sources */ = {isa = PBXBuildFile; fileRef = B100000000000000000006 /* HTMLTemplate.swift */; };
		A200000000000000000004 /* ReadDownQuickLook.appex in Embed App Extensions */ = {isa = PBXBuildFile; fileRef = D200000000000000000001 /* ReadDownQuickLook.appex */; settings = {ATTRIBUTES = (RemoveHeadersOnCopy, ); }; };
		A200000000000000000005 /* TextFileDecoder.swift in Sources */ = {isa = PBXBuildFile; fileRef = B10000000000000000000A /* TextFileDecoder.swift */; };
		A200000000000000000006 /* Assets.xcassets in Resources */ = {isa = PBXBuildFile; fileRef = B100000000000000000009 /* Assets.xcassets */; };
		A300000000000000000001 /* MarkdownRendererTests.swift in Sources */ = {isa = PBXBuildFile; fileRef = B300000000000000000001 /* MarkdownRendererTests.swift */; };
		A300000000000000000002 /* TextFileDecoderTests.swift in Sources */ = {isa = PBXBuildFile; fileRef = B300000000000000000002 /* TextFileDecoderTests.swift */; };
		A300000000000000000003 /* HTMLTemplateTests.swift in Sources */ = {isa = PBXBuildFile; fileRef = B300000000000000000003 /* HTMLTemplateTests.swift */; };
		A300000000000000000004 /* DocumentWatcherTests.swift in Sources */ = {isa = PBXBuildFile; fileRef = B300000000000000000004 /* DocumentWatcherTests.swift */; };
		A300000000000000000005 /* FindInPageTests.swift in Sources */ = {isa = PBXBuildFile; fileRef = B300000000000000000005 /* FindInPageTests.swift */; };
		A300000000000000000006 /* UsageMetricsTests.swift in Sources */ = {isa = PBXBuildFile; fileRef = B300000000000000000006 /* UsageMetricsTests.swift */; };
		A300000000000000000007 /* LinkPolicyTests.swift in Sources */ = {isa = PBXBuildFile; fileRef = B300000000000000000007 /* LinkPolicyTests.swift */; };
		A300000000000000000008 /* ThemeSettingsTests.swift in Sources */ = {isa = PBXBuildFile; fileRef = B300000000000000000008 /* ThemeSettingsTests.swift */; };
		A10000000000000000000D /* Sparkle in Frameworks */ = {isa = PBXBuildFile; productRef = P200000000000000000001 /* Sparkle */; };
		A10000000000000000000E /* mermaid.min.js in Resources */ = {isa = PBXBuildFile; fileRef = B10000000000000000000D /* mermaid.min.js */; };
		A200000000000000000008 /* mermaid.min.js in Resources */ = {isa = PBXBuildFile; fileRef = B10000000000000000000D /* mermaid.min.js */; };
		A100000000000000000102 /* katex.min.js in Resources */ = {isa = PBXBuildFile; fileRef = B100000000000000000102 /* katex.min.js */; };
		A200000000000000000102 /* katex.min.js in Resources */ = {isa = PBXBuildFile; fileRef = B100000000000000000102 /* katex.min.js */; };
		A100000000000000000103 /* katex.min.css in Resources */ = {isa = PBXBuildFile; fileRef = B100000000000000000103 /* katex.min.css */; };
		A200000000000000000103 /* katex.min.css in Resources */ = {isa = PBXBuildFile; fileRef = B100000000000000000103 /* katex.min.css */; };
/* End PBXBuildFile section */

/* Begin PBXContainerItemProxy section */
		G100000000000000000001 /* PBXContainerItemProxy */ = {
			isa = PBXContainerItemProxy;
			containerPortal = 0100000000000000000001 /* Project object */;
			proxyType = 1;
			remoteGlobalIDString = F200000000000000000001;
			remoteInfo = ReadDownQuickLook;
		};
		G300000000000000000001 /* PBXContainerItemProxy */ = {
			isa = PBXContainerItemProxy;
			containerPortal = 0100000000000000000001 /* Project object */;
			proxyType = 1;
			remoteGlobalIDString = F100000000000000000001;
			remoteInfo = ReadDown;
		};
/* End PBXContainerItemProxy section */

/* Begin PBXCopyFilesBuildPhase section */
		E200000000000000000004 /* Embed App Extensions */ = {
			isa = PBXCopyFilesBuildPhase;
			buildActionMask = 2147483647;
			dstPath = "";
			dstSubfolderSpec = 13;
			files = (
				A200000000000000000004 /* ReadDownQuickLook.appex in Embed App Extensions */,
			);
			name = "Embed App Extensions";
			runOnlyForDeploymentPostprocessing = 0;
		};
/* End PBXCopyFilesBuildPhase section */

/* Begin PBXFileReference section */
		B100000000000000000001 /* ReadDownApp.swift */ = {isa = PBXFileReference; lastKnownFileType = sourcecode.swift; path = ReadDownApp.swift; sourceTree = "<group>"; };
		B100000000000000000002 /* MarkdownDocument.swift */ = {isa = PBXFileReference; lastKnownFileType = sourcecode.swift; path = MarkdownDocument.swift; sourceTree = "<group>"; };
		B100000000000000000003 /* ContentView.swift */ = {isa = PBXFileReference; lastKnownFileType = sourcecode.swift; path = ContentView.swift; sourceTree = "<group>"; };
		B100000000000000000004 /* WebView.swift */ = {isa = PBXFileReference; lastKnownFileType = sourcecode.swift; path = WebView.swift; sourceTree = "<group>"; };
		B100000000000000000021 /* LocalLinkOpener.swift */ = {isa = PBXFileReference; lastKnownFileType = sourcecode.swift; path = LocalLinkOpener.swift; sourceTree = "<group>"; };
		B100000000000000000005 /* MarkdownRenderer.swift */ = {isa = PBXFileReference; lastKnownFileType = sourcecode.swift; path = MarkdownRenderer.swift; sourceTree = "<group>"; };
		B100000000000000000006 /* HTMLTemplate.swift */ = {isa = PBXFileReference; lastKnownFileType = sourcecode.swift; path = HTMLTemplate.swift; sourceTree = "<group>"; };
		B10000000000000000000A /* TextFileDecoder.swift */ = {isa = PBXFileReference; lastKnownFileType = sourcecode.swift; path = TextFileDecoder.swift; sourceTree = "<group>"; };
		B10000000000000000000B /* WelcomeView.swift */ = {isa = PBXFileReference; lastKnownFileType = sourcecode.swift; path = WelcomeView.swift; sourceTree = "<group>"; };
		B10000000000000000000C /* SyntaxHighlight.swift */ = {isa = PBXFileReference; lastKnownFileType = sourcecode.swift; path = SyntaxHighlight.swift; sourceTree = "<group>"; };
		B10000000000000000000F /* DocumentWatcher.swift */ = {isa = PBXFileReference; lastKnownFileType = sourcecode.swift; path = DocumentWatcher.swift; sourceTree = "<group>"; };
		B100000000000000000010 /* UsageMetrics.swift */ = {isa = PBXFileReference; lastKnownFileType = sourcecode.swift; path = UsageMetrics.swift; sourceTree = "<group>"; };
		B100000000000000000011 /* ThanksPop.swift */ = {isa = PBXFileReference; lastKnownFileType = sourcecode.swift; path = ThanksPop.swift; sourceTree = "<group>"; };
		B100000000000000000012 /* ThemeSettings.swift */ = {isa = PBXFileReference; lastKnownFileType = sourcecode.swift; path = ThemeSettings.swift; sourceTree = "<group>"; };
		B100000000000000000007 /* Info.plist */ = {isa = PBXFileReference; lastKnownFileType = text.plist.xml; path = Info.plist; sourceTree = "<group>"; };
		B100000000000000000008 /* ReadDown.entitlements */ = {isa = PBXFileReference; lastKnownFileType = text.plist.entitlements; path = ReadDown.entitlements; sourceTree = "<group>"; };
		B100000000000000000009 /* Assets.xcassets */ = {isa = PBXFileReference; lastKnownFileType = folder.assetcatalog; path = Assets.xcassets; sourceTree = "<group>"; };
		B10000000000000000000D /* mermaid.min.js */ = {isa = PBXFileReference; lastKnownFileType = sourcecode.javascript; path = mermaid.min.js; sourceTree = "<group>"; };
		B100000000000000000102 /* katex.min.js */ = {isa = PBXFileReference; lastKnownFileType = sourcecode.javascript; path = katex.min.js; sourceTree = "<group>"; };
		B100000000000000000103 /* katex.min.css */ = {isa = PBXFileReference; lastKnownFileType = text.css; path = katex.min.css; sourceTree = "<group>"; };
		B200000000000000000001 /* PreviewViewController.swift */ = {isa = PBXFileReference; lastKnownFileType = sourcecode.swift; path = PreviewViewController.swift; sourceTree = "<group>"; };
		B200000000000000000002 /* Info.plist */ = {isa = PBXFileReference; lastKnownFileType = text.plist.xml; path = Info.plist; sourceTree = "<group>"; };
		B200000000000000000003 /* ReadDownQuickLook.entitlements */ = {isa = PBXFileReference; lastKnownFileType = text.plist.entitlements; path = ReadDownQuickLook.entitlements; sourceTree = "<group>"; };
		D100000000000000000001 /* ReadDown.app */ = {isa = PBXFileReference; explicitFileType = wrapper.application; includeInIndex = 0; path = ReadDown.app; sourceTree = BUILT_PRODUCTS_DIR; };
		D200000000000000000001 /* ReadDownQuickLook.appex */ = {isa = PBXFileReference; explicitFileType = "wrapper.app-extension"; includeInIndex = 0; path = ReadDownQuickLook.appex; sourceTree = BUILT_PRODUCTS_DIR; };
		D300000000000000000001 /* ReadDownTests.xctest */ = {isa = PBXFileReference; explicitFileType = wrapper.cfbundle; includeInIndex = 0; path = ReadDownTests.xctest; sourceTree = BUILT_PRODUCTS_DIR; };
		B300000000000000000001 /* MarkdownRendererTests.swift */ = {isa = PBXFileReference; lastKnownFileType = sourcecode.swift; path = MarkdownRendererTests.swift; sourceTree = "<group>"; };
		B300000000000000000002 /* TextFileDecoderTests.swift */ = {isa = PBXFileReference; lastKnownFileType = sourcecode.swift; path = TextFileDecoderTests.swift; sourceTree = "<group>"; };
		B300000000000000000003 /* HTMLTemplateTests.swift */ = {isa = PBXFileReference; lastKnownFileType = sourcecode.swift; path = HTMLTemplateTests.swift; sourceTree = "<group>"; };
		B300000000000000000004 /* DocumentWatcherTests.swift */ = {isa = PBXFileReference; lastKnownFileType = sourcecode.swift; path = DocumentWatcherTests.swift; sourceTree = "<group>"; };
		B300000000000000000005 /* FindInPageTests.swift */ = {isa = PBXFileReference; lastKnownFileType = sourcecode.swift; path = FindInPageTests.swift; sourceTree = "<group>"; };
		B300000000000000000006 /* UsageMetricsTests.swift */ = {isa = PBXFileReference; lastKnownFileType = sourcecode.swift; path = UsageMetricsTests.swift; sourceTree = "<group>"; };
		B300000000000000000007 /* LinkPolicyTests.swift */ = {isa = PBXFileReference; lastKnownFileType = sourcecode.swift; path = LinkPolicyTests.swift; sourceTree = "<group>"; };
		B300000000000000000008 /* ThemeSettingsTests.swift */ = {isa = PBXFileReference; lastKnownFileType = sourcecode.swift; path = ThemeSettingsTests.swift; sourceTree = "<group>"; };
/* End PBXFileReference section */

/* Begin PBXFrameworksBuildPhase section */
		E100000000000000000002 /* Frameworks */ = {
			isa = PBXFrameworksBuildPhase;
			buildActionMask = 2147483647;
			files = (
				A10000000000000000000D /* Sparkle in Frameworks */,
			);
			runOnlyForDeploymentPostprocessing = 0;
		};
		E200000000000000000002 /* Frameworks */ = {
			isa = PBXFrameworksBuildPhase;
			buildActionMask = 2147483647;
			files = (
			);
			runOnlyForDeploymentPostprocessing = 0;
		};
		E300000000000000000002 /* Frameworks */ = {
			isa = PBXFrameworksBuildPhase;
			buildActionMask = 2147483647;
			files = (
			);
			runOnlyForDeploymentPostprocessing = 0;
		};
/* End PBXFrameworksBuildPhase section */

/* Begin PBXGroup section */
		C100000000000000000001 = {
			isa = PBXGroup;
			children = (
				C100000000000000000002 /* MarkdownViewer */,
				C200000000000000000001 /* ReadDownQuickLook */,
				C300000000000000000001 /* Tests */,
				C100000000000000000003 /* Products */,
			);
			sourceTree = "<group>";
		};
		C100000000000000000002 /* Sources */ = {
			isa = PBXGroup;
			children = (
				B100000000000000000001 /* ReadDownApp.swift */,
				B100000000000000000002 /* MarkdownDocument.swift */,
				B100000000000000000003 /* ContentView.swift */,
				B100000000000000000004 /* WebView.swift */,
				B100000000000000000021 /* LocalLinkOpener.swift */,
				B100000000000000000005 /* MarkdownRenderer.swift */,
				B100000000000000000006 /* HTMLTemplate.swift */,
				B10000000000000000000A /* TextFileDecoder.swift */,
				B10000000000000000000B /* WelcomeView.swift */,
				B10000000000000000000C /* SyntaxHighlight.swift */,
				B10000000000000000000F /* DocumentWatcher.swift */,
				B100000000000000000010 /* UsageMetrics.swift */,
				B100000000000000000011 /* ThanksPop.swift */,
				B100000000000000000012 /* ThemeSettings.swift */,
				B10000000000000000000D /* mermaid.min.js */,
				B100000000000000000102 /* katex.min.js */,
				B100000000000000000103 /* katex.min.css */,
				B100000000000000000007 /* Info.plist */,
				B100000000000000000008 /* ReadDown.entitlements */,
				B100000000000000000009 /* Assets.xcassets */,
			);
			path = Sources;
			sourceTree = "<group>";
		};
		C100000000000000000003 /* Products */ = {
			isa = PBXGroup;
			children = (
				D100000000000000000001 /* ReadDown.app */,
				D200000000000000000001 /* ReadDownQuickLook.appex */,
				D300000000000000000001 /* ReadDownTests.xctest */,
			);
			name = Products;
			sourceTree = "<group>";
		};
		C300000000000000000001 /* Tests */ = {
			isa = PBXGroup;
			children = (
				B300000000000000000001 /* MarkdownRendererTests.swift */,
				B300000000000000000002 /* TextFileDecoderTests.swift */,
				B300000000000000000003 /* HTMLTemplateTests.swift */,
				B300000000000000000004 /* DocumentWatcherTests.swift */,
				B300000000000000000005 /* FindInPageTests.swift */,
				B300000000000000000006 /* UsageMetricsTests.swift */,
				B300000000000000000007 /* LinkPolicyTests.swift */,
				B300000000000000000008 /* ThemeSettingsTests.swift */,
			);
			path = Tests;
			sourceTree = "<group>";
		};
		C200000000000000000001 /* ReadDownQuickLook */ = {
			isa = PBXGroup;
			children = (
				B200000000000000000001 /* PreviewViewController.swift */,
				B200000000000000000002 /* Info.plist */,
				B200000000000000000003 /* ReadDownQuickLook.entitlements */,
			);
			path = ReadDownQuickLook;
			sourceTree = "<group>";
		};
/* End PBXGroup section */

/* Begin PBXNativeTarget section */
		F100000000000000000001 /* ReadDown */ = {
			isa = PBXNativeTarget;
			buildConfigurationList = 1300000000000000000002 /* Build configuration list for PBXNativeTarget "ReadDown" */;
			buildPhases = (
				E100000000000000000001 /* Sources */,
				E100000000000000000002 /* Frameworks */,
				E100000000000000000003 /* Resources */,
				E200000000000000000004 /* Embed App Extensions */,
				E100000000000000000005 /* Patch SDK Version */,
			);
			buildRules = (
			);
			dependencies = (
				G200000000000000000001 /* PBXTargetDependency */,
			);
			name = ReadDown;
			packageProductDependencies = (
				P200000000000000000001 /* Sparkle */,
			);
			productName = ReadDown;
			productReference = D100000000000000000001 /* ReadDown.app */;
			productType = "com.apple.product-type.application";
		};
		F200000000000000000001 /* ReadDownQuickLook */ = {
			isa = PBXNativeTarget;
			buildConfigurationList = 1500000000000000000001 /* Build configuration list for PBXNativeTarget "ReadDownQuickLook" */;
			buildPhases = (
				E200000000000000000001 /* Sources */,
				E200000000000000000002 /* Frameworks */,
				E200000000000000000003 /* Resources */,
				E200000000000000000005 /* Patch SDK Version */,
			);
			buildRules = (
			);
			dependencies = (
			);
			name = ReadDownQuickLook;
			productName = ReadDownQuickLook;
			productReference = D200000000000000000001 /* ReadDownQuickLook.appex */;
			productType = "com.apple.product-type.app-extension";
		};
		F300000000000000000001 /* ReadDownTests */ = {
			isa = PBXNativeTarget;
			buildConfigurationList = 1700000000000000000001 /* Build configuration list for PBXNativeTarget "ReadDownTests" */;
			buildPhases = (
				E300000000000000000001 /* Sources */,
				E300000000000000000002 /* Frameworks */,
			);
			buildRules = (
			);
			dependencies = (
				G400000000000000000001 /* PBXTargetDependency */,
			);
			name = ReadDownTests;
			productName = ReadDownTests;
			productReference = D300000000000000000001 /* ReadDownTests.xctest */;
			productType = "com.apple.product-type.bundle.unit-test";
		};
/* End PBXNativeTarget section */

/* Begin PBXProject section */
		0100000000000000000001 /* Project object */ = {
			isa = PBXProject;
			attributes = {
				BuildIndependentTargetsInParallel = 1;
				LastSwiftUpdateCheck = 1500;
				LastUpgradeCheck = 2620;
				TargetAttributes = {
					F100000000000000000001 = {
						CreatedOnToolsVersion = 15.0;
					};
					F200000000000000000001 = {
						CreatedOnToolsVersion = 15.0;
					};
				};
			};
			buildConfigurationList = 1300000000000000000001 /* Build configuration list for PBXProject "ReadDown" */;
			compatibilityVersion = "Xcode 14.0";
			developmentRegion = en;
			hasScannedForEncodings = 0;
			knownRegions = (
				en,
				Base,
			);
			mainGroup = C100000000000000000001;
			packageReferences = (
				P100000000000000000001 /* XCRemoteSwiftPackageReference "Sparkle" */,
			);
			productRefGroup = C100000000000000000003 /* Products */;
			projectDirPath = "";
			projectRoot = "";
			targets = (
				F100000000000000000001 /* ReadDown */,
				F200000000000000000001 /* ReadDownQuickLook */,
				F300000000000000000001 /* ReadDownTests */,
			);
		};
/* End PBXProject section */

/* Begin PBXResourcesBuildPhase section */
		E100000000000000000003 /* Resources */ = {
			isa = PBXResourcesBuildPhase;
			buildActionMask = 2147483647;
			files = (
				A100000000000000000009 /* Assets.xcassets in Resources */,
				A10000000000000000000E /* mermaid.min.js in Resources */,
				A100000000000000000102 /* katex.min.js in Resources */,
				A100000000000000000103 /* katex.min.css in Resources */,
			);
			runOnlyForDeploymentPostprocessing = 0;
		};
		E200000000000000000003 /* Resources */ = {
			isa = PBXResourcesBuildPhase;
			buildActionMask = 2147483647;
			files = (
				A200000000000000000006 /* Assets.xcassets in Resources */,
				A200000000000000000008 /* mermaid.min.js in Resources */,
				A200000000000000000102 /* katex.min.js in Resources */,
				A200000000000000000103 /* katex.min.css in Resources */,
			);
			runOnlyForDeploymentPostprocessing = 0;
		};
/* End PBXResourcesBuildPhase section */

/* Begin PBXShellScriptBuildPhase section */
		E200000000000000000005 /* Patch SDK Version */ = {
			isa = PBXShellScriptBuildPhase;
			buildActionMask = 2147483647;
			files = (
			);
			inputPaths = (
				"$(BUILT_PRODUCTS_DIR)/$(EXECUTABLE_PATH)",
			);
			name = "Patch SDK Version";
			outputPaths = (
			);
			runOnlyForDeploymentPostprocessing = 0;
			shellPath = /bin/sh;
			shellScript = "# Xcode 26 beta stamps sdk 26.x into the binary, which crashes\n# ExtensionFoundation on macOS 15 (no Quick Look preview extension\n# point registered in ExtensionKit). Rewrite to sdk 15.0.\nBINARY=\"${BUILT_PRODUCTS_DIR}/${EXECUTABLE_PATH}\"\nif vtool -show-build \"$BINARY\" 2>/dev/null | grep -q 'sdk 2[6-9]'; then\n  vtool -set-build-version macos \"${MACOSX_DEPLOYMENT_TARGET}\" 15.0 -replace -output \"${BINARY}.tmp\" \"$BINARY\"\n  mv \"${BINARY}.tmp\" \"$BINARY\"\nfi\n\n# GENERATE_INFOPLIST_FILE overwrites CFBundleName with PRODUCT_NAME. Restore\n# the user-facing 'Readdown' so system dialogs (Set as Default, etc.) show it.\nPLIST=\"${BUILT_PRODUCTS_DIR}/${INFOPLIST_PATH}\"\n/usr/libexec/PlistBuddy -c \"Set :CFBundleName Readdown\" \"$PLIST\" 2>/dev/null || true\n";
		};
		E100000000000000000005 /* Patch SDK Version */ = {
			isa = PBXShellScriptBuildPhase;
			buildActionMask = 2147483647;
			files = (
			);
			inputPaths = (
				"$(BUILT_PRODUCTS_DIR)/$(EXECUTABLE_PATH)",
			);
			name = "Patch SDK Version";
			outputPaths = (
			);
			runOnlyForDeploymentPostprocessing = 0;
			shellPath = /bin/sh;
			shellScript = "# Main app keeps its native SDK 26.x stamp so AppKit applies macOS Tahoe\n# chrome (unified toolbar, larger corner radius). The QL extension has its\n# own patch step — it MUST stay SDK 15 so macOS 15 will load the extension.\n# Deployment target (MACOSX_DEPLOYMENT_TARGET) still gates which APIs are\n# available, so the main app continues to run on macOS 13+.\n\n# GENERATE_INFOPLIST_FILE overwrites CFBundleName with PRODUCT_NAME. Restore\n# the user-facing 'Readdown' so system dialogs (Set as Default, etc.) show it.\nPLIST=\"${BUILT_PRODUCTS_DIR}/${INFOPLIST_PATH}\"\n/usr/libexec/PlistBuddy -c \"Set :CFBundleName Readdown\" \"$PLIST\" 2>/dev/null || true\n";
		};
/* End PBXShellScriptBuildPhase section */

/* Begin PBXSourcesBuildPhase section */
		E100000000000000000001 /* Sources */ = {
			isa = PBXSourcesBuildPhase;
			buildActionMask = 2147483647;
			files = (
				A100000000000000000001 /* ReadDownApp.swift in Sources */,
				A100000000000000000002 /* MarkdownDocument.swift in Sources */,
				A100000000000000000003 /* ContentView.swift in Sources */,
				A100000000000000000004 /* WebView.swift in Sources */,
				A100000000000000000021 /* LocalLinkOpener.swift in Sources */,
				A100000000000000000005 /* MarkdownRenderer.swift in Sources */,
				A100000000000000000006 /* HTMLTemplate.swift in Sources */,
				A10000000000000000000A /* TextFileDecoder.swift in Sources */,
				A10000000000000000000B /* WelcomeView.swift in Sources */,
				A10000000000000000000C /* SyntaxHighlight.swift in Sources */,
				A10000000000000000000F /* DocumentWatcher.swift in Sources */,
				A100000000000000000010 /* UsageMetrics.swift in Sources */,
				A100000000000000000011 /* ThanksPop.swift in Sources */,
				A100000000000000000012 /* ThemeSettings.swift in Sources */,
			);
			runOnlyForDeploymentPostprocessing = 0;
		};
		E200000000000000000001 /* Sources */ = {
			isa = PBXSourcesBuildPhase;
			buildActionMask = 2147483647;
			files = (
				A200000000000000000001 /* PreviewViewController.swift in Sources */,
				A200000000000000000002 /* MarkdownRenderer.swift in Sources */,
				A200000000000000000003 /* HTMLTemplate.swift in Sources */,
				A200000000000000000005 /* TextFileDecoder.swift in Sources */,
				A200000000000000000007 /* SyntaxHighlight.swift in Sources */,
				A200000000000000000012 /* ThemeSettings.swift in Sources */,
			);
			runOnlyForDeploymentPostprocessing = 0;
		};
		E300000000000000000001 /* Sources */ = {
			isa = PBXSourcesBuildPhase;
			buildActionMask = 2147483647;
			files = (
				A300000000000000000001 /* MarkdownRendererTests.swift in Sources */,
				A300000000000000000002 /* TextFileDecoderTests.swift in Sources */,
				A300000000000000000003 /* HTMLTemplateTests.swift in Sources */,
				A300000000000000000004 /* DocumentWatcherTests.swift in Sources */,
				A300000000000000000005 /* FindInPageTests.swift in Sources */,
				A300000000000000000006 /* UsageMetricsTests.swift in Sources */,
				A300000000000000000007 /* LinkPolicyTests.swift in Sources */,
				A300000000000000000008 /* ThemeSettingsTests.swift in Sources */,
			);
			runOnlyForDeploymentPostprocessing = 0;
		};
/* End PBXSourcesBuildPhase section */

/* Begin PBXTargetDependency section */
		G200000000000000000001 /* PBXTargetDependency */ = {
			isa = PBXTargetDependency;
			target = F200000000000000000001 /* ReadDownQuickLook */;
			targetProxy = G100000000000000000001 /* PBXContainerItemProxy */;
		};
		G400000000000000000001 /* PBXTargetDependency */ = {
			isa = PBXTargetDependency;
			target = F100000000000000000001 /* ReadDown */;
			targetProxy = G300000000000000000001 /* PBXContainerItemProxy */;
		};
/* End PBXTargetDependency section */

/* Begin XCBuildConfiguration section */
		1100000000000000000001 /* Debug */ = {
			isa = XCBuildConfiguration;
			buildSettings = {
				ALWAYS_SEARCH_USER_PATHS = NO;
				ASSETCATALOG_COMPILER_GENERATE_SWIFT_ASSET_SYMBOL_EXTENSIONS = YES;
				CLANG_ANALYZER_NONNULL = YES;
				CLANG_ANALYZER_NUMBER_OBJECT_CONVERSION = YES_AGGRESSIVE;
				CLANG_CXX_LANGUAGE_STANDARD = "gnu++20";
				CLANG_ENABLE_MODULES = YES;
				CLANG_ENABLE_OBJC_ARC = YES;
				CLANG_ENABLE_OBJC_WEAK = YES;
				CLANG_WARN_BLOCK_CAPTURE_AUTORELEASING = YES;
				CLANG_WARN_BOOL_CONVERSION = YES;
				CLANG_WARN_COMMA = YES;
				CLANG_WARN_CONSTANT_CONVERSION = YES;
				CLANG_WARN_DEPRECATED_OBJC_IMPLEMENTATIONS = YES;
				CLANG_WARN_DIRECT_OBJC_ISA_USAGE = YES_ERROR;
				CLANG_WARN_DOCUMENTATION_COMMENTS = YES;
				CLANG_WARN_EMPTY_BODY = YES;
				CLANG_WARN_ENUM_CONVERSION = YES;
				CLANG_WARN_INFINITE_RECURSION = YES;
				CLANG_WARN_INT_CONVERSION = YES;
				CLANG_WARN_NON_LITERAL_NULL_CONVERSION = YES;
				CLANG_WARN_OBJC_IMPLICIT_RETAIN_SELF = YES;
				CLANG_WARN_OBJC_LITERAL_CONVERSION = YES;
				CLANG_WARN_OBJC_ROOT_CLASS = YES_ERROR;
				CLANG_WARN_QUOTED_INCLUDE_IN_FRAMEWORK_HEADER = YES;
				CLANG_WARN_RANGE_LOOP_ANALYSIS = YES;
				CLANG_WARN_STRICT_PROTOTYPES = YES;
				CLANG_WARN_SUSPICIOUS_MOVE = YES;
				CLANG_WARN_UNGUARDED_AVAILABILITY = YES_AGGRESSIVE;
				CLANG_WARN_UNREACHABLE_CODE = YES;
				CLANG_WARN__DUPLICATE_METHOD_MATCH = YES;
				COPY_PHASE_STRIP = NO;
				DEAD_CODE_STRIPPING = YES;
				DEBUG_INFORMATION_FORMAT = dwarf;
				DEVELOPMENT_TEAM = 8NLGURB6UX;
				ENABLE_STRICT_OBJC_MSGSEND = YES;
				ENABLE_TESTABILITY = YES;
				ENABLE_USER_SCRIPT_SANDBOXING = YES;
				GCC_C_LANGUAGE_STANDARD = gnu17;
				GCC_DYNAMIC_NO_PIC = NO;
				GCC_NO_COMMON_BLOCKS = YES;
				GCC_OPTIMIZATION_LEVEL = 0;
				GCC_PREPROCESSOR_DEFINITIONS = (
					"DEBUG=1",
					"$(inherited)",
				);
				GCC_WARN_64_TO_32_BIT_CONVERSION = YES;
				GCC_WARN_ABOUT_RETURN_TYPE = YES_ERROR;
				GCC_WARN_UNDECLARED_SELECTOR = YES;
				GCC_WARN_UNINITIALIZED_AUTOS = YES_AGGRESSIVE;
				GCC_WARN_UNUSED_FUNCTION = YES;
				GCC_WARN_UNUSED_VARIABLE = YES;
				MACOSX_DEPLOYMENT_TARGET = 13.0;
				MTL_ENABLE_DEBUG_INFO = INCLUDE_SOURCE;
				MTL_FAST_MATH = YES;
				ONLY_ACTIVE_ARCH = YES;
				SDKROOT = macosx;
				STRING_CATALOG_GENERATE_SYMBOLS = YES;
				SWIFT_ACTIVE_COMPILATION_CONDITIONS = "DEBUG $(inherited)";
				SWIFT_OPTIMIZATION_LEVEL = "-Onone";
			};
			name = Debug;
		};
		1100000000000000000002 /* Release */ = {
			isa = XCBuildConfiguration;
			buildSettings = {
				ALWAYS_SEARCH_USER_PATHS = NO;
				ASSETCATALOG_COMPILER_GENERATE_SWIFT_ASSET_SYMBOL_EXTENSIONS = YES;
				CLANG_ANALYZER_NONNULL = YES;
				CLANG_ANALYZER_NUMBER_OBJECT_CONVERSION = YES_AGGRESSIVE;
				CLANG_CXX_LANGUAGE_STANDARD = "gnu++20";
				CLANG_ENABLE_MODULES = YES;
				CLANG_ENABLE_OBJC_ARC = YES;
				CLANG_ENABLE_OBJC_WEAK = YES;
				CLANG_WARN_BLOCK_CAPTURE_AUTORELEASING = YES;
				CLANG_WARN_BOOL_CONVERSION = YES;
				CLANG_WARN_COMMA = YES;
				CLANG_WARN_CONSTANT_CONVERSION = YES;
				CLANG_WARN_DEPRECATED_OBJC_IMPLEMENTATIONS = YES;
				CLANG_WARN_DIRECT_OBJC_ISA_USAGE = YES_ERROR;
				CLANG_WARN_DOCUMENTATION_COMMENTS = YES;
				CLANG_WARN_EMPTY_BODY = YES;
				CLANG_WARN_ENUM_CONVERSION = YES;
				CLANG_WARN_INFINITE_RECURSION = YES;
				CLANG_WARN_INT_CONVERSION = YES;
				CLANG_WARN_NON_LITERAL_NULL_CONVERSION = YES;
				CLANG_WARN_OBJC_IMPLICIT_RETAIN_SELF = YES;
				CLANG_WARN_OBJC_LITERAL_CONVERSION = YES;
				CLANG_WARN_OBJC_ROOT_CLASS = YES_ERROR;
				CLANG_WARN_QUOTED_INCLUDE_IN_FRAMEWORK_HEADER = YES;
				CLANG_WARN_RANGE_LOOP_ANALYSIS = YES;
				CLANG_WARN_STRICT_PROTOTYPES = YES;
				CLANG_WARN_SUSPICIOUS_MOVE = YES;
				CLANG_WARN_UNGUARDED_AVAILABILITY = YES_AGGRESSIVE;
				CLANG_WARN_UNREACHABLE_CODE = YES;
				CLANG_WARN__DUPLICATE_METHOD_MATCH = YES;
				COPY_PHASE_STRIP = NO;
				DEAD_CODE_STRIPPING = YES;
				DEBUG_INFORMATION_FORMAT = "dwarf-with-dsym";
				DEVELOPMENT_TEAM = 8NLGURB6UX;
				ENABLE_NS_ASSERTIONS = NO;
				ENABLE_STRICT_OBJC_MSGSEND = YES;
				ENABLE_USER_SCRIPT_SANDBOXING = YES;
				GCC_C_LANGUAGE_STANDARD = gnu17;
				GCC_NO_COMMON_BLOCKS = YES;
				GCC_WARN_64_TO_32_BIT_CONVERSION = YES;
				GCC_WARN_ABOUT_RETURN_TYPE = YES_ERROR;
				GCC_WARN_UNDECLARED_SELECTOR = YES;
				GCC_WARN_UNINITIALIZED_AUTOS = YES_AGGRESSIVE;
				GCC_WARN_UNUSED_FUNCTION = YES;
				GCC_WARN_UNUSED_VARIABLE = YES;
				MACOSX_DEPLOYMENT_TARGET = 13.0;
				MTL_ENABLE_DEBUG_INFO = NO;
				MTL_FAST_MATH = YES;
				SDKROOT = macosx;
				STRING_CATALOG_GENERATE_SYMBOLS = YES;
				SWIFT_COMPILATION_MODE = wholemodule;
			};
			name = Release;
		};
		1200000000000000000001 /* Debug */ = {
			isa = XCBuildConfiguration;
			buildSettings = {
				ASSETCATALOG_COMPILER_APPICON_NAME = AppIcon;
				ASSETCATALOG_COMPILER_GLOBAL_ACCENT_COLOR_NAME = AccentColor;
				CODE_SIGN_ENTITLEMENTS = Sources/ReadDown.entitlements;
				"CODE_SIGN_IDENTITY[sdk=macosx*]" = "Developer ID Application";
				CODE_SIGN_STYLE = Manual;
				COMBINE_HIDPI_IMAGES = YES;
				CURRENT_PROJECT_VERSION = 17;
				DEAD_CODE_STRIPPING = YES;
				ENABLE_APP_SANDBOX = YES;
				ENABLE_HARDENED_RUNTIME = YES;
				ENABLE_OUTGOING_NETWORK_CONNECTIONS = YES;
				ENABLE_USER_SCRIPT_SANDBOXING = NO;
				ENABLE_USER_SELECTED_FILES = readwrite;
				GENERATE_INFOPLIST_FILE = YES;
				INFOPLIST_FILE = Sources/Info.plist;
				INFOPLIST_KEY_CFBundleDisplayName = Readdown;
				INFOPLIST_KEY_LSApplicationCategoryType = "public.app-category.utilities";
				INFOPLIST_KEY_NSHumanReadableCopyright = "";
				LD_RUNPATH_SEARCH_PATHS = (
					"$(inherited)",
					"@executable_path/../Frameworks",
				);
				MARKETING_VERSION = 1.16;
				PRODUCT_BUNDLE_IDENTIFIER = com.heya.readdown;
				PRODUCT_NAME = "$(TARGET_NAME)";
				SWIFT_EMIT_LOC_STRINGS = YES;
				SWIFT_VERSION = 5.0;
			};
			name = Debug;
		};
		1200000000000000000002 /* Release */ = {
			isa = XCBuildConfiguration;
			buildSettings = {
				ASSETCATALOG_COMPILER_APPICON_NAME = AppIcon;
				ASSETCATALOG_COMPILER_GLOBAL_ACCENT_COLOR_NAME = AccentColor;
				CODE_SIGN_ENTITLEMENTS = Sources/ReadDown.entitlements;
				"CODE_SIGN_IDENTITY[sdk=macosx*]" = "Developer ID Application";
				CODE_SIGN_STYLE = Manual;
				COMBINE_HIDPI_IMAGES = YES;
				CURRENT_PROJECT_VERSION = 17;
				DEAD_CODE_STRIPPING = YES;
				ENABLE_APP_SANDBOX = YES;
				ENABLE_HARDENED_RUNTIME = YES;
				ENABLE_OUTGOING_NETWORK_CONNECTIONS = YES;
				ENABLE_USER_SCRIPT_SANDBOXING = NO;
				ENABLE_USER_SELECTED_FILES = readwrite;
				GENERATE_INFOPLIST_FILE = YES;
				INFOPLIST_FILE = Sources/Info.plist;
				INFOPLIST_KEY_CFBundleDisplayName = Readdown;
				INFOPLIST_KEY_LSApplicationCategoryType = "public.app-category.utilities";
				INFOPLIST_KEY_NSHumanReadableCopyright = "";
				LD_RUNPATH_SEARCH_PATHS = (
					"$(inherited)",
					"@executable_path/../Frameworks",
				);
				MARKETING_VERSION = 1.16;
				PRODUCT_BUNDLE_IDENTIFIER = com.heya.readdown;
				PRODUCT_NAME = "$(TARGET_NAME)";
				SWIFT_EMIT_LOC_STRINGS = YES;
				SWIFT_VERSION = 5.0;
			};
			name = Release;
		};
		1400000000000000000001 /* Debug */ = {
			isa = XCBuildConfiguration;
			buildSettings = {
				ASSETCATALOG_COMPILER_APPICON_NAME = AppIcon;
				CODE_SIGN_ENTITLEMENTS = ReadDownQuickLook/ReadDownQuickLook.entitlements;
				"CODE_SIGN_IDENTITY[sdk=macosx*]" = "Developer ID Application";
				CODE_SIGN_STYLE = Manual;
				CURRENT_PROJECT_VERSION = 17;
				DEAD_CODE_STRIPPING = YES;
				ENABLE_APP_SANDBOX = YES;
				ENABLE_HARDENED_RUNTIME = YES;
				ENABLE_USER_SCRIPT_SANDBOXING = NO;
				GENERATE_INFOPLIST_FILE = YES;
				INFOPLIST_FILE = ReadDownQuickLook/Info.plist;
				INFOPLIST_KEY_CFBundleDisplayName = Readdown;
				INFOPLIST_KEY_NSHumanReadableCopyright = "Natalia Arsand";
				LD_RUNPATH_SEARCH_PATHS = (
					"$(inherited)",
					"@executable_path/../Frameworks",
					"@executable_path/../../../../Frameworks",
				);
				MARKETING_VERSION = 1.16;
				PRODUCT_BUNDLE_IDENTIFIER = com.heya.readdown.ReadDownQuickLook;
				PRODUCT_NAME = "$(TARGET_NAME)";
				SKIP_INSTALL = YES;
				SWIFT_EMIT_LOC_STRINGS = YES;
				SWIFT_VERSION = 5.0;
			};
			name = Debug;
		};
		1400000000000000000002 /* Release */ = {
			isa = XCBuildConfiguration;
			buildSettings = {
				ASSETCATALOG_COMPILER_APPICON_NAME = AppIcon;
				CODE_SIGN_ENTITLEMENTS = ReadDownQuickLook/ReadDownQuickLook.entitlements;
				"CODE_SIGN_IDENTITY[sdk=macosx*]" = "Developer ID Application";
				CODE_SIGN_STYLE = Manual;
				CURRENT_PROJECT_VERSION = 17;
				DEAD_CODE_STRIPPING = YES;
				ENABLE_APP_SANDBOX = YES;
				ENABLE_HARDENED_RUNTIME = YES;
				ENABLE_USER_SCRIPT_SANDBOXING = NO;
				GENERATE_INFOPLIST_FILE = YES;
				INFOPLIST_FILE = ReadDownQuickLook/Info.plist;
				INFOPLIST_KEY_CFBundleDisplayName = Readdown;
				INFOPLIST_KEY_NSHumanReadableCopyright = "Natalia Arsand";
				LD_RUNPATH_SEARCH_PATHS = (
					"$(inherited)",
					"@executable_path/../Frameworks",
					"@executable_path/../../../../Frameworks",
				);
				MARKETING_VERSION = 1.16;
				PRODUCT_BUNDLE_IDENTIFIER = com.heya.readdown.ReadDownQuickLook;
				PRODUCT_NAME = "$(TARGET_NAME)";
				SKIP_INSTALL = YES;
				SWIFT_EMIT_LOC_STRINGS = YES;
				SWIFT_VERSION = 5.0;
			};
			name = Release;
		};
		1600000000000000000001 /* Debug */ = {
			isa = XCBuildConfiguration;
			buildSettings = {
				BUNDLE_LOADER = "$(TEST_HOST)";
				CODE_SIGN_STYLE = Automatic;
				CURRENT_PROJECT_VERSION = 17;
				DEAD_CODE_STRIPPING = YES;
				GENERATE_INFOPLIST_FILE = YES;
				MARKETING_VERSION = 1.16;
				PRODUCT_BUNDLE_IDENTIFIER = com.heya.readdown.tests;
				PRODUCT_NAME = "$(TARGET_NAME)";
				SWIFT_EMIT_LOC_STRINGS = NO;
				SWIFT_VERSION = 5.0;
				TEST_HOST = "$(BUILT_PRODUCTS_DIR)/ReadDown.app/$(BUNDLE_EXECUTABLE_FOLDER_PATH)/ReadDown";
			};
			name = Debug;
		};
		1600000000000000000002 /* Release */ = {
			isa = XCBuildConfiguration;
			buildSettings = {
				BUNDLE_LOADER = "$(TEST_HOST)";
				CODE_SIGN_STYLE = Automatic;
				CURRENT_PROJECT_VERSION = 17;
				DEAD_CODE_STRIPPING = YES;
				GENERATE_INFOPLIST_FILE = YES;
				MARKETING_VERSION = 1.16;
				PRODUCT_BUNDLE_IDENTIFIER = com.heya.readdown.tests;
				PRODUCT_NAME = "$(TARGET_NAME)";
				SWIFT_EMIT_LOC_STRINGS = NO;
				SWIFT_VERSION = 5.0;
				TEST_HOST = "$(BUILT_PRODUCTS_DIR)/ReadDown.app/$(BUNDLE_EXECUTABLE_FOLDER_PATH)/ReadDown";
			};
			name = Release;
		};
/* End XCBuildConfiguration section */

/* Begin XCConfigurationList section */
		1300000000000000000001 /* Build configuration list for PBXProject "ReadDown" */ = {
			isa = XCConfigurationList;
			buildConfigurations = (
				1100000000000000000001 /* Debug */,
				1100000000000000000002 /* Release */,
			);
			defaultConfigurationIsVisible = 0;
			defaultConfigurationName = Release;
		};
		1300000000000000000002 /* Build configuration list for PBXNativeTarget "ReadDown" */ = {
			isa = XCConfigurationList;
			buildConfigurations = (
				1200000000000000000001 /* Debug */,
				1200000000000000000002 /* Release */,
			);
			defaultConfigurationIsVisible = 0;
			defaultConfigurationName = Release;
		};
		1500000000000000000001 /* Build configuration list for PBXNativeTarget "ReadDownQuickLook" */ = {
			isa = XCConfigurationList;
			buildConfigurations = (
				1400000000000000000001 /* Debug */,
				1400000000000000000002 /* Release */,
			);
			defaultConfigurationIsVisible = 0;
			defaultConfigurationName = Release;
		};
		1700000000000000000001 /* Build configuration list for PBXNativeTarget "ReadDownTests" */ = {
			isa = XCConfigurationList;
			buildConfigurations = (
				1600000000000000000001 /* Debug */,
				1600000000000000000002 /* Release */,
			);
			defaultConfigurationIsVisible = 0;
			defaultConfigurationName = Release;
		};
/* End XCConfigurationList section */

/* Begin XCRemoteSwiftPackageReference section */
		P100000000000000000001 /* XCRemoteSwiftPackageReference "Sparkle" */ = {
			isa = XCRemoteSwiftPackageReference;
			repositoryURL = "https://github.com/sparkle-project/Sparkle";
			requirement = {
				kind = upToNextMajorVersion;
				minimumVersion = 2.6.0;
			};
		};
/* End XCRemoteSwiftPackageReference section */

/* Begin XCSwiftPackageProductDependency section */
		P200000000000000000001 /* Sparkle */ = {
			isa = XCSwiftPackageProductDependency;
			package = P100000000000000000001 /* XCRemoteSwiftPackageReference "Sparkle" */;
			productName = Sparkle;
		};
/* End XCSwiftPackageProductDependency section */
	};
	rootObject = 0100000000000000000001 /* Project object */;
}
